
Microsoft Visual Studio Solution File, Format Version 12.00
# Visual Studio Version 17
VisualStudioVersion = 17.10.35122.118
MinimumVisualStudioVersion = 10.0.40219.1
Project("{888888A0-9F3D-457C-B088-3A5042F75D52}") = "SudiptStrategi", "SudiptStrategi.pyproj", "{7D102079-5D64-4BCA-886D-FB79DE80DE5C}"
EndProject
Global
	GlobalSection(SolutionConfigurationPlatforms) = preSolution
		Debug|Any CPU = Debug|Any CPU
		Release|Any CPU = Release|Any CPU
	EndGlobalSection
	GlobalSection(ProjectConfigurationPlatforms) = postSolution
		{7D102079-5D64-4BCA-886D-FB79DE80DE5C}.Debug|Any CPU.ActiveCfg = Debug|Any CPU
		{7D102079-5D64-4BCA-886D-FB79DE80DE5C}.Release|Any CPU.ActiveCfg = Release|Any CPU
	EndGlobalSection
	GlobalSection(SolutionProperties) = preSolution
		HideSolutionNode = FALSE
	EndGlobalSection
	GlobalSection(ExtensibilityGlobals) = postSolution
		SolutionGuid = {AD0867FF-410B-406D-8178-2215A1BEFE55}
	EndGlobalSection
EndGlobal
